
Microsoft Visual Studio Solution File, Format Version 12.00
# Visual Studio Version 17
VisualStudioVersion = 17.0.32002.185
MinimumVisualStudioVersion = 10.0.40219.1
Project("{FAE04EC0-301F-11D3-BF4B-00C04F79EFBC}") = "BecomeAChef", "BecomeAChef\BecomeAChef.csproj", "{B71B5C8E-3C25-4931-8283-63774A51C3AD}"
EndProject
Global
	GlobalSection(SolutionConfigurationPlatforms) = preSolution
		Debug|Any CPU = Debug|Any CPU
		Release|Any CPU = Release|Any CPU
	EndGlobalSection
	GlobalSection(ProjectConfigurationPlatforms) = postSolution
		{B71B5C8E-3C25-4931-8283-63774A51C3AD}.Debug|Any CPU.ActiveCfg = Debug|Any CPU
		{B71B5C8E-3C25-4931-8283-63774A51C3AD}.Debug|Any CPU.Build.0 = Debug|Any CPU
		{B71B5C8E-3C25-4931-8283-63774A51C3AD}.Release|Any CPU.ActiveCfg = Release|Any CPU
		{B71B5C8E-3C25-4931-8283-63774A51C3AD}.Release|Any CPU.Build.0 = Release|Any CPU
	EndGlobalSection
	GlobalSection(SolutionProperties) = preSolution
		HideSolutionNode = FALSE
	EndGlobalSection
	GlobalSection(ExtensibilityGlobals) = postSolution
		SolutionGuid = {7D357F6D-EA32-4289-BDE1-20873E428236}
	EndGlobalSection
EndGlobal
